{
  "name": "ablyn-client",
  "version": "1.0.0",
  "lockfileVersion": 1,
  "requires": true,
  "dependencies": {
    "align-text": {
      "version": "0.1.4",
      "resolved": "https://registry.npmjs.org/align-text/-/align-text-0.1.4.tgz",
      "integrity": "sha1-DNkKVhCT810KmSVsIrcGlDP60Rc=",
      "requires": {
        "kind-of": "3.2.2",
        "longest": "1.0.1",
        "repeat-string": "1.6.1"
      }
    },
    "amdefine": {
      "version": "1.0.1",
      "resolved": "https://registry.npmjs.org/amdefine/-/amdefine-1.0.1.tgz",
      "integrity": "sha1-SlKCrBZHKek2Gbz9OtFR+BfOkfU="
    },
    "ammo": {
      "version": "2.0.4",
      "resolved": "https://registry.npmjs.org/ammo/-/ammo-2.0.4.tgz",
      "integrity": "sha1-v4CqshFpjqePY+9efxE91dnokX8=",
      "requires": {
        "boom": "5.2.0",
        "hoek": "4.2.0"
      },
      "dependencies": {
        "boom": {
          "version": "5.2.0",
          "resolved": "https://registry.npmjs.org/boom/-/boom-5.2.0.tgz",
          "integrity": "sha512-Z5BTk6ZRe4tXXQlkqftmsAUANpXmuwlsF5Oov8ThoMbQRzdGTA1ngYRW160GexgOgjsFOKJz0LYhoNi+2AMBUw==",
          "requires": {
            "hoek": "4.2.0"
          }
        },
        "hoek": {
          "version": "4.2.0",
          "resolved": "https://registry.npmjs.org/hoek/-/hoek-4.2.0.tgz",
          "integrity": "sha512-v0XCLxICi9nPfYrS9RL8HbYnXi9obYAeLbSP00BmnZwCK9+Ih9WOjoZ8YoHCoav2csqn4FOz4Orldsy2dmDwmQ=="
        }
      }
    },
    "async": {
      "version": "1.5.2",
      "resolved": "https://registry.npmjs.org/async/-/async-1.5.2.tgz",
      "integrity": "sha1-7GphrlZIDAw8skHJVhjiCJL5Zyo="
    },
    "boom": {
      "version": "4.3.1",
      "resolved": "https://registry.npmjs.org/boom/-/boom-4.3.1.tgz",
      "integrity": "sha1-T4owBctKfjiJ90kDD9JbluAdLjE=",
      "requires": {
        "hoek": "4.2.0"
      },
      "dependencies": {
        "hoek": {
          "version": "4.2.0",
          "resolved": "https://registry.npmjs.org/hoek/-/hoek-4.2.0.tgz",
          "integrity": "sha512-v0XCLxICi9nPfYrS9RL8HbYnXi9obYAeLbSP00BmnZwCK9+Ih9WOjoZ8YoHCoav2csqn4FOz4Orldsy2dmDwmQ=="
        }
      }
    },
    "camelcase": {
      "version": "1.2.1",
      "resolved": "https://registry.npmjs.org/camelcase/-/camelcase-1.2.1.tgz",
      "integrity": "sha1-m7UwTS4LVmmLLHWLCKPqqdqlijk=",
      "optional": true
    },
    "center-align": {
      "version": "0.1.3",
      "resolved": "https://registry.npmjs.org/center-align/-/center-align-0.1.3.tgz",
      "integrity": "sha1-qg0yYptu6XIgBBHL1EYckHvCt60=",
      "optional": true,
      "requires": {
        "align-text": "0.1.4",
        "lazy-cache": "1.0.4"
      }
    },
    "cliui": {
      "version": "2.1.0",
      "resolved": "https://registry.npmjs.org/cliui/-/cliui-2.1.0.tgz",
      "integrity": "sha1-S0dXYP+AJkx2LDoXGQMukcf+oNE=",
      "optional": true,
      "requires": {
        "center-align": "0.1.3",
        "right-align": "0.1.3",
        "wordwrap": "0.0.2"
      },
      "dependencies": {
        "wordwrap": {
          "version": "0.0.2",
          "resolved": "https://registry.npmjs.org/wordwrap/-/wordwrap-0.0.2.tgz",
          "integrity": "sha1-t5Zpu0LstAn4PVg8rVLKF+qhZD8=",
          "optional": true
        }
      }
    },
    "decamelize": {
      "version": "1.2.0",
      "resolved": "https://registry.npmjs.org/decamelize/-/decamelize-1.2.0.tgz",
      "integrity": "sha1-9lNNFRSCabIDUue+4m9QH5oZEpA=",
      "optional": true
    },
    "handlebars": {
      "version": "4.0.11",
      "resolved": "https://registry.npmjs.org/handlebars/-/handlebars-4.0.11.tgz",
      "integrity": "sha1-Ywo13+ApS8KB7a5v/F0yn8eYLcw=",
      "requires": {
        "async": "1.5.2",
        "optimist": "0.6.1",
        "source-map": "0.4.4",
        "uglify-js": "2.8.29"
      }
    },
    "hapi": {
      "version": "16.0.0",
      "resolved": "https://registry.npmjs.org/hapi/-/hapi-16.0.0.tgz",
      "integrity": "sha1-khbmQ8UogoOP49/oHeE9MdbLcN4=",
      "requires": {
        "accept": "2.1.3",
        "ammo": "2.0.3",
        "boom": "4.2.0",
        "call": "4.0.0",
        "catbox": "7.1.3",
        "catbox-memory": "2.0.4",
        "cryptiles": "3.1.1",
        "heavy": "4.0.3",
        "hoek": "4.1.0",
        "iron": "4.0.4",
        "items": "2.1.1",
        "joi": "10.0.1",
        "mimos": "3.0.3",
        "podium": "1.2.5",
        "shot": "3.4.0",
        "statehood": "5.0.1",
        "subtext": "4.3.0",
        "topo": "2.0.2"
      },
      "dependencies": {
        "accept": {
          "version": "2.1.3",
          "resolved": "https://registry.npmjs.org/accept/-/accept-2.1.3.tgz",
          "integrity": "sha1-qw9b2kxEm76SaupgezUiVi9az4Y=",
          "requires": {
            "boom": "4.2.0",
            "hoek": "4.1.0"
          }
        },
        "ammo": {
          "version": "2.0.3",
          "resolved": "https://registry.npmjs.org/ammo/-/ammo-2.0.3.tgz",
          "integrity": "sha1-kUu89lsEPtD1ioqdAZbiUOxR5qc=",
          "requires": {
            "boom": "4.2.0",
            "hoek": "4.1.0"
          }
        },
        "b64": {
          "version": "3.0.2",
          "resolved": "https://registry.npmjs.org/b64/-/b64-3.0.2.tgz",
          "integrity": "sha1-ep1gRmrfe43hFMvfZRpf38yQiU0="
        },
        "boom": {
          "version": "4.2.0",
          "resolved": "https://registry.npmjs.org/boom/-/boom-4.2.0.tgz",
          "integrity": "sha1-wadBdLEfu6Ij9hYtT9iFGhuCpTY=",
          "requires": {
            "hoek": "4.1.0"
          }
        },
        "call": {
          "version": "4.0.0",
          "resolved": "https://registry.npmjs.org/call/-/call-4.0.0.tgz",
          "integrity": "sha1-zSk4GpgEahMtsm4mKOcL2DIaHd8=",
          "requires": {
            "boom": "4.2.0",
            "hoek": "4.1.0"
          }
        },
        "catbox": {
          "version": "7.1.3",
          "resolved": "https://registry.npmjs.org/catbox/-/catbox-7.1.3.tgz",
          "integrity": "sha1-mBft7FqSF0MoKt38nEWs5ShH7rs=",
          "requires": {
            "boom": "4.2.0",
            "hoek": "4.1.0",
            "joi": "10.0.1"
          }
        },
        "catbox-memory": {
          "version": "2.0.4",
          "resolved": "https://registry.npmjs.org/catbox-memory/-/catbox-memory-2.0.4.tgz",
          "integrity": "sha1-Qz4lWQLK9UIz0ShkKcj03xToItU=",
          "requires": {
            "hoek": "4.1.0"
          }
        },
        "content": {
          "version": "3.0.3",
          "resolved": "https://registry.npmjs.org/content/-/content-3.0.3.tgz",
          "integrity": "sha1-AA+KATcblcZq/pm+k5D6bLkaqHo=",
          "requires": {
            "boom": "4.2.0"
          }
        },
        "cryptiles": {
          "version": "3.1.1",
          "resolved": "https://registry.npmjs.org/cryptiles/-/cryptiles-3.1.1.tgz",
          "integrity": "sha1-hqkgP3NnoOkyS8dVX/D89fgZee4=",
          "requires": {
            "boom": "4.2.0"
          }
        },
        "heavy": {
          "version": "4.0.3",
          "resolved": "https://registry.npmjs.org/heavy/-/heavy-4.0.3.tgz",
          "integrity": "sha1-l2u6EYsBGxX+kEqk8pKhaL/GIy8=",
          "requires": {
            "boom": "4.2.0",
            "hoek": "4.1.0",
            "joi": "10.0.1"
          }
        },
        "hoek": {
          "version": "4.1.0",
          "resolved": "https://registry.npmjs.org/hoek/-/hoek-4.1.0.tgz",
          "integrity": "sha1-SkVXRg9phC7UY6oAYozCbSaDr6c="
        },
        "iron": {
          "version": "4.0.4",
          "resolved": "https://registry.npmjs.org/iron/-/iron-4.0.4.tgz",
          "integrity": "sha1-wfjMTJFFQZSriSDZJHuoguUoBho=",
          "requires": {
            "boom": "4.2.0",
            "cryptiles": "3.1.1",
            "hoek": "4.1.0"
          }
        },
        "isemail": {
          "version": "2.2.1",
          "resolved": "https://registry.npmjs.org/isemail/-/isemail-2.2.1.tgz",
          "integrity": "sha1-A1PT2aYpUQgMJiwqoKQrjqjp4qY="
        },
        "items": {
          "version": "2.1.1",
          "resolved": "https://registry.npmjs.org/items/-/items-2.1.1.tgz",
          "integrity": "sha1-i9FtnIOxlSneWuoyGsqtp4NkoZg="
        },
        "joi": {
          "version": "10.0.1",
          "resolved": "https://registry.npmjs.org/joi/-/joi-10.0.1.tgz",
          "integrity": "sha1-MM6fdwOLfZ3wgl2AEIsVxMrTCgs=",
          "requires": {
            "hoek": "4.1.0",
            "isemail": "2.2.1",
            "items": "2.1.1",
            "topo": "2.0.2"
          }
        },
        "mime-db": {
          "version": "1.25.0",
          "resolved": "https://registry.npmjs.org/mime-db/-/mime-db-1.25.0.tgz",
          "integrity": "sha1-wY29fHOl2/b0SgJNwNFloeexw5I="
        },
        "mimos": {
          "version": "3.0.3",
          "resolved": "https://registry.npmjs.org/mimos/-/mimos-3.0.3.tgz",
          "integrity": "sha1-uRCQcq03jCty9qAQHEPd+ys2ZB8=",
          "requires": {
            "hoek": "4.1.0",
            "mime-db": "1.25.0"
          }
        },
        "nigel": {
          "version": "2.0.2",
          "resolved": "https://registry.npmjs.org/nigel/-/nigel-2.0.2.tgz",
          "integrity": "sha1-k6GGb7DFLYc5CqdeKxYfS1x15bE=",
          "requires": {
            "hoek": "4.1.0",
            "vise": "2.0.2"
          }
        },
        "pez": {
          "version": "2.1.4",
          "resolved": "https://registry.npmjs.org/pez/-/pez-2.1.4.tgz",
          "integrity": "sha1-c/gi+mLVmdZcRgb0kNVNNFGRvHw=",
          "requires": {
            "b64": "3.0.2",
            "boom": "4.2.0",
            "content": "3.0.3",
            "hoek": "4.1.0",
            "nigel": "2.0.2"
          }
        },
        "podium": {
          "version": "1.2.5",
          "resolved": "https://registry.npmjs.org/podium/-/podium-1.2.5.tgz",
          "integrity": "sha1-h8VmwvA2W88KHsdgLE0BlIzdKtU=",
          "requires": {
            "hoek": "4.1.0",
            "items": "2.1.1",
            "joi": "10.0.1"
          }
        },
        "shot": {
          "version": "3.4.0",
          "resolved": "https://registry.npmjs.org/shot/-/shot-3.4.0.tgz",
          "integrity": "sha1-5xJe5yV1rlIYNJ6TNjaAjXkNS5I=",
          "requires": {
            "hoek": "4.1.0",
            "joi": "10.0.1"
          }
        },
        "statehood": {
          "version": "5.0.1",
          "resolved": "https://registry.npmjs.org/statehood/-/statehood-5.0.1.tgz",
          "integrity": "sha1-/BPJezd1HBjnBRPSuX6Jasi3MAU=",
          "requires": {
            "boom": "4.2.0",
            "cryptiles": "3.1.1",
            "hoek": "4.1.0",
            "iron": "4.0.4",
            "items": "2.1.1",
            "joi": "10.0.1"
          }
        },
        "subtext": {
          "version": "4.3.0",
          "resolved": "https://registry.npmjs.org/subtext/-/subtext-4.3.0.tgz",
          "integrity": "sha1-36yQSS7DVmn9bgDG5dk4sG18z7s=",
          "requires": {
            "boom": "4.2.0",
            "content": "3.0.3",
            "hoek": "4.1.0",
            "pez": "2.1.4",
            "wreck": "10.0.0"
          }
        },
        "topo": {
          "version": "2.0.2",
          "resolved": "https://registry.npmjs.org/topo/-/topo-2.0.2.tgz",
          "integrity": "sha1-zVYVdSU5BXwNwEkaYhw7xvvh0YI=",
          "requires": {
            "hoek": "4.1.0"
          }
        },
        "vise": {
          "version": "2.0.2",
          "resolved": "https://registry.npmjs.org/vise/-/vise-2.0.2.tgz",
          "integrity": "sha1-awjo+0y3bjpQzW3Q7DczjoEaDTk=",
          "requires": {
            "hoek": "4.1.0"
          }
        },
        "wreck": {
          "version": "10.0.0",
          "resolved": "https://registry.npmjs.org/wreck/-/wreck-10.0.0.tgz",
          "integrity": "sha1-mKuIL4XhalJjMlB/EB9aeEEWIng=",
          "requires": {
            "boom": "4.2.0",
            "hoek": "4.1.0"
          }
        }
      }
    },
    "hoek": {
      "version": "5.0.2",
      "resolved": "https://registry.npmjs.org/hoek/-/hoek-5.0.2.tgz",
      "integrity": "sha512-NA10UYP9ufCtY2qYGkZktcQXwVyYK4zK0gkaFSB96xhtlo6V8tKXdQgx8eHolQTRemaW0uLn8BhjhwqrOU+QLQ=="
    },
    "inert": {
      "version": "4.2.1",
      "resolved": "https://registry.npmjs.org/inert/-/inert-4.2.1.tgz",
      "integrity": "sha512-qmbbZYPSzU/eOUOStPQvSjrU9IR1Q3uDtsEsVwnBQeZG43xu7Nrj6yuUrX3ice/03rv5dj/KiKB+NGCbiqH+aQ==",
      "requires": {
        "ammo": "2.0.4",
        "boom": "5.2.0",
        "hoek": "4.2.0",
        "items": "2.1.1",
        "joi": "10.6.0",
        "lru-cache": "4.1.1"
      },
      "dependencies": {
        "boom": {
          "version": "5.2.0",
          "resolved": "https://registry.npmjs.org/boom/-/boom-5.2.0.tgz",
          "integrity": "sha512-Z5BTk6ZRe4tXXQlkqftmsAUANpXmuwlsF5Oov8ThoMbQRzdGTA1ngYRW160GexgOgjsFOKJz0LYhoNi+2AMBUw==",
          "requires": {
            "hoek": "4.2.0"
          }
        },
        "hoek": {
          "version": "4.2.0",
          "resolved": "https://registry.npmjs.org/hoek/-/hoek-4.2.0.tgz",
          "integrity": "sha512-v0XCLxICi9nPfYrS9RL8HbYnXi9obYAeLbSP00BmnZwCK9+Ih9WOjoZ8YoHCoav2csqn4FOz4Orldsy2dmDwmQ=="
        }
      }
    },
    "is-buffer": {
      "version": "1.1.6",
      "resolved": "https://registry.npmjs.org/is-buffer/-/is-buffer-1.1.6.tgz",
      "integrity": "sha512-NcdALwpXkTm5Zvvbk7owOUSvVvBKDgKP5/ewfXEznmQFfs4ZRmanOeKBTjRVjka3QFoN6XJ+9F3USqfHqTaU5w=="
    },
    "isemail": {
      "version": "2.2.1",
      "resolved": "https://registry.npmjs.org/isemail/-/isemail-2.2.1.tgz",
      "integrity": "sha1-A1PT2aYpUQgMJiwqoKQrjqjp4qY="
    },
    "items": {
      "version": "2.1.1",
      "resolved": "https://registry.npmjs.org/items/-/items-2.1.1.tgz",
      "integrity": "sha1-i9FtnIOxlSneWuoyGsqtp4NkoZg="
    },
    "joi": {
      "version": "10.6.0",
      "resolved": "https://registry.npmjs.org/joi/-/joi-10.6.0.tgz",
      "integrity": "sha512-hBF3LcqyAid+9X/pwg+eXjD2QBZI5eXnBFJYaAkH4SK3mp9QSRiiQnDYlmlz5pccMvnLcJRS4whhDOTCkmsAdQ==",
      "requires": {
        "hoek": "4.2.0",
        "isemail": "2.2.1",
        "items": "2.1.1",
        "topo": "2.0.2"
      },
      "dependencies": {
        "hoek": {
          "version": "4.2.0",
          "resolved": "https://registry.npmjs.org/hoek/-/hoek-4.2.0.tgz",
          "integrity": "sha512-v0XCLxICi9nPfYrS9RL8HbYnXi9obYAeLbSP00BmnZwCK9+Ih9WOjoZ8YoHCoav2csqn4FOz4Orldsy2dmDwmQ=="
        }
      }
    },
    "kind-of": {
      "version": "3.2.2",
      "resolved": "https://registry.npmjs.org/kind-of/-/kind-of-3.2.2.tgz",
      "integrity": "sha1-MeohpzS6ubuw8yRm2JOupR5KPGQ=",
      "requires": {
        "is-buffer": "1.1.6"
      }
    },
    "lazy-cache": {
      "version": "1.0.4",
      "resolved": "https://registry.npmjs.org/lazy-cache/-/lazy-cache-1.0.4.tgz",
      "integrity": "sha1-odePw6UEdMuAhF07O24dpJpEbo4=",
      "optional": true
    },
    "longest": {
      "version": "1.0.1",
      "resolved": "https://registry.npmjs.org/longest/-/longest-1.0.1.tgz",
      "integrity": "sha1-MKCy2jj3N3DoKUoNIuZiXtd9AJc="
    },
    "lru-cache": {
      "version": "4.1.1",
      "resolved": "https://registry.npmjs.org/lru-cache/-/lru-cache-4.1.1.tgz",
      "integrity": "sha512-q4spe4KTfsAS1SUHLO0wz8Qiyf1+vMIAgpRYioFYDMNqKfHQbg+AVDH3i4fvpl71/P1L0dBl+fQi+P37UYf0ew==",
      "requires": {
        "pseudomap": "1.0.2",
        "yallist": "2.1.2"
      }
    },
    "minimist": {
      "version": "0.0.10",
      "resolved": "https://registry.npmjs.org/minimist/-/minimist-0.0.10.tgz",
      "integrity": "sha1-3j+YVD2/lggr5IrRoMfNqDYwHc8="
    },
    "optimist": {
      "version": "0.6.1",
      "resolved": "https://registry.npmjs.org/optimist/-/optimist-0.6.1.tgz",
      "integrity": "sha1-2j6nRob6IaGaERwybpDrFaAZZoY=",
      "requires": {
        "minimist": "0.0.10",
        "wordwrap": "0.0.3"
      }
    },
    "pseudomap": {
      "version": "1.0.2",
      "resolved": "https://registry.npmjs.org/pseudomap/-/pseudomap-1.0.2.tgz",
      "integrity": "sha1-8FKijacOYYkX7wqKw0wa5aaChrM="
    },
    "repeat-string": {
      "version": "1.6.1",
      "resolved": "https://registry.npmjs.org/repeat-string/-/repeat-string-1.6.1.tgz",
      "integrity": "sha1-jcrkcOHIirwtYA//Sndihtp15jc="
    },
    "right-align": {
      "version": "0.1.3",
      "resolved": "https://registry.npmjs.org/right-align/-/right-align-0.1.3.tgz",
      "integrity": "sha1-YTObci/mo1FWiSENJOFMlhSGE+8=",
      "optional": true,
      "requires": {
        "align-text": "0.1.4"
      }
    },
    "source-map": {
      "version": "0.4.4",
      "resolved": "https://registry.npmjs.org/source-map/-/source-map-0.4.4.tgz",
      "integrity": "sha1-66T12pwNyZneaAMti092FzZSA2s=",
      "requires": {
        "amdefine": "1.0.1"
      }
    },
    "topo": {
      "version": "2.0.2",
      "resolved": "https://registry.npmjs.org/topo/-/topo-2.0.2.tgz",
      "integrity": "sha1-zVYVdSU5BXwNwEkaYhw7xvvh0YI=",
      "requires": {
        "hoek": "4.2.0"
      },
      "dependencies": {
        "hoek": {
          "version": "4.2.0",
          "resolved": "https://registry.npmjs.org/hoek/-/hoek-4.2.0.tgz",
          "integrity": "sha512-v0XCLxICi9nPfYrS9RL8HbYnXi9obYAeLbSP00BmnZwCK9+Ih9WOjoZ8YoHCoav2csqn4FOz4Orldsy2dmDwmQ=="
        }
      }
    },
    "uglify-js": {
      "version": "2.8.29",
      "resolved": "https://registry.npmjs.org/uglify-js/-/uglify-js-2.8.29.tgz",
      "integrity": "sha1-KcVzMUgFe7Th913zW3qcty5qWd0=",
      "optional": true,
      "requires": {
        "source-map": "0.5.7",
        "uglify-to-browserify": "1.0.2",
        "yargs": "3.10.0"
      },
      "dependencies": {
        "source-map": {
          "version": "0.5.7",
          "resolved": "https://registry.npmjs.org/source-map/-/source-map-0.5.7.tgz",
          "integrity": "sha1-igOdLRAh0i0eoUyA2OpGi6LvP8w=",
          "optional": true
        }
      }
    },
    "uglify-to-browserify": {
      "version": "1.0.2",
      "resolved": "https://registry.npmjs.org/uglify-to-browserify/-/uglify-to-browserify-1.0.2.tgz",
      "integrity": "sha1-bgkk1r2mta/jSeOabWMoUKD4grc=",
      "optional": true
    },
    "vision": {
      "version": "4.1.1",
      "resolved": "https://registry.npmjs.org/vision/-/vision-4.1.1.tgz",
      "integrity": "sha1-4bYSstLi8gMQoDkpD9SdUSSPgto=",
      "requires": {
        "boom": "4.3.1",
        "hoek": "4.2.0",
        "items": "2.1.1",
        "joi": "10.6.0"
      },
      "dependencies": {
        "hoek": {
          "version": "4.2.0",
          "resolved": "https://registry.npmjs.org/hoek/-/hoek-4.2.0.tgz",
          "integrity": "sha512-v0XCLxICi9nPfYrS9RL8HbYnXi9obYAeLbSP00BmnZwCK9+Ih9WOjoZ8YoHCoav2csqn4FOz4Orldsy2dmDwmQ=="
        }
      }
    },
    "window-size": {
      "version": "0.1.0",
      "resolved": "https://registry.npmjs.org/window-size/-/window-size-0.1.0.tgz",
      "integrity": "sha1-VDjNLqk7IC76Ohn+iIeu58lPnJ0=",
      "optional": true
    },
    "wordwrap": {
      "version": "0.0.3",
      "resolved": "https://registry.npmjs.org/wordwrap/-/wordwrap-0.0.3.tgz",
      "integrity": "sha1-o9XabNXAvAAI03I0u68b7WMFkQc="
    },
    "yallist": {
      "version": "2.1.2",
      "resolved": "https://registry.npmjs.org/yallist/-/yallist-2.1.2.tgz",
      "integrity": "sha1-HBH5IY8HYImkfdUS+TxmmaaoHVI="
    },
    "yargs": {
      "version": "3.10.0",
      "resolved": "https://registry.npmjs.org/yargs/-/yargs-3.10.0.tgz",
      "integrity": "sha1-9+572FfdfB0tOMDnTvvWgdFDH9E=",
      "optional": true,
      "requires": {
        "camelcase": "1.2.1",
        "cliui": "2.1.0",
        "decamelize": "1.2.0",
        "window-size": "0.1.0"
      }
    }
  }
}
